
Microsoft Visual Studio Solution File, Format Version 12.00
# Visual Studio Version 17
VisualStudioVersion = 17.1.32414.318
MinimumVisualStudioVersion = 10.0.40219.1
Project("{FAE04EC0-301F-11D3-BF4B-00C04F79EFBC}") = "test02", "test02\test02.csproj", "{C658D4CF-34A5-4E86-A76E-8B80DAA4EF17}"
EndProject
Global
	GlobalSection(SolutionConfigurationPlatforms) = preSolution
		Debug|Any CPU = Debug|Any CPU
		Release|Any CPU = Release|Any CPU
	EndGlobalSection
	GlobalSection(ProjectConfigurationPlatforms) = postSolution
		{C658D4CF-34A5-4E86-A76E-8B80DAA4EF17}.Debug|Any CPU.ActiveCfg = Debug|Any CPU
		{C658D4CF-34A5-4E86-A76E-8B80DAA4EF17}.Debug|Any CPU.Build.0 = Debug|Any CPU
		{C658D4CF-34A5-4E86-A76E-8B80DAA4EF17}.Release|Any CPU.ActiveCfg = Release|Any CPU
		{C658D4CF-34A5-4E86-A76E-8B80DAA4EF17}.Release|Any CPU.Build.0 = Release|Any CPU
	EndGlobalSection
	GlobalSection(SolutionProperties) = preSolution
		HideSolutionNode = FALSE
	EndGlobalSection
	GlobalSection(ExtensibilityGlobals) = postSolution
		SolutionGuid = {98D042B6-B4B2-4065-BD81-8826C65628AB}
	EndGlobalSection
EndGlobal
